// !$*UTF8*$!
{
	archiveVersion = 1;
	classes = {
	};
	objectVersion = 46;
	objects = {

/* Begin PBXBuildFile section */
		00B524F41888C2F200E106B7 /* Foundation.framework in Frameworks */ = {isa = PBXBuildFile; fileRef = 00B524F31888C2F200E106B7 /* Foundation.framework */; };
		00B524F61888C2F200E106B7 /* CoreGraphics.framework in Frameworks */ = {isa = PBXBuildFile; fileRef = 00B524F51888C2F200E106B7 /* CoreGraphics.framework */; };
		00B524F81888C2F200E106B7 /* UIKit.framework in Frameworks */ = {isa = PBXBuildFile; fileRef = 00B524F71888C2F200E106B7 /* UIKit.framework */; };
		00B524FE1888C2F200E106B7 /* InfoPlist.strings in Resources */ = {isa = PBXBuildFile; fileRef = 00B524FC1888C2F200E106B7 /* InfoPlist.strings */; };
		00B525001888C2F200E106B7 /* main.m in Sources */ = {isa = PBXBuildFile; fileRef = 00B524FF1888C2F200E106B7 /* main.m */; };
		00B525041888C2F200E106B7 /* AppDelegate.m in Sources */ = {isa = PBXBuildFile; fileRef = 00B525031888C2F200E106B7 /* AppDelegate.m */; };
		00B525071888C2F200E106B7 /* Main.storyboard in Resources */ = {isa = PBXBuildFile; fileRef = 00B525051888C2F200E106B7 /* Main.storyboard */; };
		00B5250A1888C2F200E106B7 /* ViewController.m in Sources */ = {isa = PBXBuildFile; fileRef = 00B525091888C2F200E106B7 /* ViewController.m */; };
		00B5250C1888C2F200E106B7 /* Images.xcassets in Resources */ = {isa = PBXBuildFile; fileRef = 00B5250B1888C2F200E106B7 /* Images.xcassets */; };
		00B525131888C2F200E106B7 /* XCTest.framework in Frameworks */ = {isa = PBXBuildFile; fileRef = 00B525121888C2F200E106B7 /* XCTest.framework */; };
		00B525141888C2F200E106B7 /* Foundation.framework in Frameworks */ = {isa = PBXBuildFile; fileRef = 00B524F31888C2F200E106B7 /* Foundation.framework */; };
		00B525151888C2F200E106B7 /* UIKit.framework in Frameworks */ = {isa = PBXBuildFile; fileRef = 00B524F71888C2F200E106B7 /* UIKit.framework */; };
		00B5251D1888C2F200E106B7 /* InfoPlist.strings in Resources */ = {isa = PBXBuildFile; fileRef = 00B5251B1888C2F200E106B7 /* InfoPlist.strings */; };
		00B5251F1888C2F200E106B7 /* TmapTestTests.m in Sources */ = {isa = PBXBuildFile; fileRef = 00B5251E1888C2F200E106B7 /* TmapTestTests.m */; };
		00B5254F1888C32000E106B7 /* desktop.ini in Resources */ = {isa = PBXBuildFile; fileRef = 00B525291888C32000E106B7 /* desktop.ini */; };
		00B525501888C32000E106B7 /* desktop.ini in Resources */ = {isa = PBXBuildFile; fileRef = 00B5252C1888C32000E106B7 /* desktop.ini */; };
		00B525511888C32000E106B7 /* desktop.ini in Resources */ = {isa = PBXBuildFile; fileRef = 00B525411888C32000E106B7 /* desktop.ini */; };
		00B525521888C32000E106B7 /* HeadingAngleSmall.png in Resources */ = {isa = PBXBuildFile; fileRef = 00B525421888C32000E106B7 /* HeadingAngleSmall.png */; };
		00B525531888C32000E106B7 /* HeadingAngleSmall@2x.png in Resources */ = {isa = PBXBuildFile; fileRef = 00B525431888C32000E106B7 /* HeadingAngleSmall@2x.png */; };
		00B525541888C32000E106B7 /* t_logo.png in Resources */ = {isa = PBXBuildFile; fileRef = 00B525441888C32000E106B7 /* t_logo.png */; };
		00B525551888C32000E106B7 /* icon_clustering@2x.png in Resources */ = {isa = PBXBuildFile; fileRef = 00B525451888C32000E106B7 /* icon_clustering@2x.png */; };
		00B525561888C32000E106B7 /* mapbg_tlogo.png in Resources */ = {isa = PBXBuildFile; fileRef = 00B525461888C32000E106B7 /* mapbg_tlogo.png */; };
		00B525571888C32000E106B7 /* mapbg_tlogo@2x.png in Resources */ = {isa = PBXBuildFile; fileRef = 00B525471888C32000E106B7 /* mapbg_tlogo@2x.png */; };
		00B525581888C32000E106B7 /* poweredby.png in Resources */ = {isa = PBXBuildFile; fileRef = 00B525481888C32000E106B7 /* poweredby.png */; };
		00B525591888C32000E106B7 /* poweredby@2x.png in Resources */ = {isa = PBXBuildFile; fileRef = 00B525491888C32000E106B7 /* poweredby@2x.png */; };
		00B5255A1888C32000E106B7 /* red_pin.png in Resources */ = {isa = PBXBuildFile; fileRef = 00B5254A1888C32000E106B7 /* red_pin.png */; };
		00B5255B1888C32000E106B7 /* TrackingDot@2x.png in Resources */ = {isa = PBXBuildFile; fileRef = 00B5254B1888C32000E106B7 /* TrackingDot@2x.png */; };
		00B5255C1888C32000E106B7 /* TrackingDotHalo.png in Resources */ = {isa = PBXBuildFile; fileRef = 00B5254C1888C32000E106B7 /* TrackingDotHalo.png */; };
		00B5255D1888C32000E106B7 /* TrackingDotHalo@2x.png in Resources */ = {isa = PBXBuildFile; fileRef = 00B5254D1888C32000E106B7 /* TrackingDotHalo@2x.png */; };
		00B5255E1888C32000E106B7 /* libskpMap_OP-iOS7.0.a in Frameworks */ = {isa = PBXBuildFile; fileRef = 00B5254E1888C32000E106B7 /* libskpMap_OP-iOS7.0.a */; };
		00B525601888C32F00E106B7 /* QuartzCore.framework in Frameworks */ = {isa = PBXBuildFile; fileRef = 00B5255F1888C32F00E106B7 /* QuartzCore.framework */; };
		00B525621888C34300E106B7 /* CoreLocation.framework in Frameworks */ = {isa = PBXBuildFile; fileRef = 00B525611888C34300E106B7 /* CoreLocation.framework */; };
		00B525A61888E08C00E106B7 /* DetailViewController.m in Sources */ = {isa = PBXBuildFile; fileRef = 00B525A51888E08C00E106B7 /* DetailViewController.m */; };
/* End PBXBuildFile section */

/* Begin PBXContainerItemProxy section */
		00B525161888C2F200E106B7 /* PBXContainerItemProxy */ = {
			isa = PBXContainerItemProxy;
			containerPortal = 00B524E81888C2F200E106B7 /* Project object */;
			proxyType = 1;
			remoteGlobalIDString = 00B524EF1888C2F200E106B7;
			remoteInfo = TmapTest;
		};
/* End PBXContainerItemProxy section */

/* Begin PBXFileReference section */
		00B524F01888C2F200E106B7 /* TmapTest.app */ = {isa = PBXFileReference; explicitFileType = wrapper.application; includeInIndex = 0; path = TmapTest.app; sourceTree = BUILT_PRODUCTS_DIR; };
		00B524F31888C2F200E106B7 /* Foundation.framework */ = {isa = PBXFileReference; lastKnownFileType = wrapper.framework; name = Foundation.framework; path = System/Library/Frameworks/Foundation.framework; sourceTree = SDKROOT; };
		00B524F51888C2F200E106B7 /* CoreGraphics.framework */ = {isa = PBXFileReference; lastKnownFileType = wrapper.framework; name = CoreGraphics.framework; path = System/Library/Frameworks/CoreGraphics.framework; sourceTree = SDKROOT; };
		00B524F71888C2F200E106B7 /* UIKit.framework */ = {isa = PBXFileReference; lastKnownFileType = wrapper.framework; name = UIKit.framework; path = System/Library/Frameworks/UIKit.framework; sourceTree = SDKROOT; };
		00B524FB1888C2F200E106B7 /* TmapTest-Info.plist */ = {isa = PBXFileReference; lastKnownFileType = text.plist.xml; path = "TmapTest-Info.plist"; sourceTree = "<group>"; };
		00B524FD1888C2F200E106B7 /* en */ = {isa = PBXFileReference; lastKnownFileType = text.plist.strings; name = en; path = en.lproj/InfoPlist.strings; sourceTree = "<group>"; };
		00B524FF1888C2F200E106B7 /* main.m */ = {isa = PBXFileReference; lastKnownFileType = sourcecode.c.objc; path = main.m; sourceTree = "<group>"; };
		00B525011888C2F200E106B7 /* TmapTest-Prefix.pch */ = {isa = PBXFileReference; lastKnownFileType = sourcecode.c.h; path = "TmapTest-Prefix.pch"; sourceTree = "<group>"; };
		00B525021888C2F200E106B7 /* AppDelegate.h */ = {isa = PBXFileReference; lastKnownFileType = sourcecode.c.h; path = AppDelegate.h; sourceTree = "<group>"; };
		00B525031888C2F200E106B7 /* AppDelegate.m */ = {isa = PBXFileReference; lastKnownFileType = sourcecode.c.objc; path = AppDelegate.m; sourceTree = "<group>"; };
		00B525061888C2F200E106B7 /* Base */ = {isa = PBXFileReference; lastKnownFileType = file.storyboard; name = Base; path = Base.lproj/Main.storyboard; sourceTree = "<group>"; };
		00B525081888C2F200E106B7 /* ViewController.h */ = {isa = PBXFileReference; lastKnownFileType = sourcecode.c.h; path = ViewController.h; sourceTree = "<group>"; };
		00B525091888C2F200E106B7 /* ViewController.m */ = {isa = PBXFileReference; lastKnownFileType = sourcecode.c.objc; path = ViewController.m; sourceTree = "<group>"; };
		00B5250B1888C2F200E106B7 /* Images.xcassets */ = {isa = PBXFileReference; lastKnownFileType = folder.assetcatalog; path = Images.xcassets; sourceTree = "<group>"; };
		00B525111888C2F200E106B7 /* TmapTestTests.xctest */ = {isa = PBXFileReference; explicitFileType = wrapper.cfbundle; includeInIndex = 0; path = TmapTestTests.xctest; sourceTree = BUILT_PRODUCTS_DIR; };
		00B525121888C2F200E106B7 /* XCTest.framework */ = {isa = PBXFileReference; lastKnownFileType = wrapper.framework; name = XCTest.framework; path = Library/Frameworks/XCTest.framework; sourceTree = DEVELOPER_DIR; };
		00B5251A1888C2F200E106B7 /* TmapTestTests-Info.plist */ = {isa = PBXFileReference; lastKnownFileType = text.plist.xml; path = "TmapTestTests-Info.plist"; sourceTree = "<group>"; };
		00B5251C1888C2F200E106B7 /* en */ = {isa = PBXFileReference; lastKnownFileType = text.plist.strings; name = en; path = en.lproj/InfoPlist.strings; sourceTree = "<group>"; };
		00B5251E1888C2F200E106B7 /* TmapTestTests.m */ = {isa = PBXFileReference; lastKnownFileType = sourcecode.c.objc; path = TmapTestTests.m; sourceTree = "<group>"; };
		00B525291888C32000E106B7 /* desktop.ini */ = {isa = PBXFileReference; fileEncoding = 4; lastKnownFileType = text; path = desktop.ini; sourceTree = "<group>"; };
		00B5252B1888C32000E106B7 /* BizCategory.h */ = {isa = PBXFileReference; fileEncoding = 4; lastKnownFileType = sourcecode.c.h; path = BizCategory.h; sourceTree = "<group>"; };
		00B5252C1888C32000E106B7 /* desktop.ini */ = {isa = PBXFileReference; fileEncoding = 4; lastKnownFileType = text; path = desktop.ini; sourceTree = "<group>"; };
		00B5252D1888C32000E106B7 /* TMap.h */ = {isa = PBXFileReference; fileEncoding = 4; lastKnownFileType = sourcecode.c.h; path = TMap.h; sourceTree = "<group>"; };
		00B5252E1888C32000E106B7 /* TMapAnnotation.h */ = {isa = PBXFileReference; fileEncoding = 4; lastKnownFileType = sourcecode.c.h; path = TMapAnnotation.h; sourceTree = "<group>"; };
		00B5252F1888C32000E106B7 /* TMapBaseView.h */ = {isa = PBXFileReference; fileEncoding = 4; lastKnownFileType = sourcecode.c.h; path = TMapBaseView.h; sourceTree = "<group>"; };
		00B525301888C32000E106B7 /* TMapCircle.h */ = {isa = PBXFileReference; fileEncoding = 4; lastKnownFileType = sourcecode.c.h; path = TMapCircle.h; sourceTree = "<group>"; };
		00B525311888C32000E106B7 /* TMapGpsManager.h */ = {isa = PBXFileReference; fileEncoding = 4; lastKnownFileType = sourcecode.c.h; path = TMapGpsManager.h; sourceTree = "<group>"; };
		00B525321888C32000E106B7 /* TMapKatec.h */ = {isa = PBXFileReference; fileEncoding = 4; lastKnownFileType = sourcecode.c.h; path = TMapKatec.h; sourceTree = "<group>"; };
		00B525331888C32000E106B7 /* TMapLayer.h */ = {isa = PBXFileReference; fileEncoding = 4; lastKnownFileType = sourcecode.c.h; path = TMapLayer.h; sourceTree = "<group>"; };
		00B525341888C32000E106B7 /* TMapMarker.h */ = {isa = PBXFileReference; fileEncoding = 4; lastKnownFileType = sourcecode.c.h; path = TMapMarker.h; sourceTree = "<group>"; };
		00B525351888C32000E106B7 /* TMapMarkerItem.h */ = {isa = PBXFileReference; fileEncoding = 4; lastKnownFileType = sourcecode.c.h; path = TMapMarkerItem.h; sourceTree = "<group>"; };
		00B525361888C32000E106B7 /* TMapMarkerItem2.h */ = {isa = PBXFileReference; fileEncoding = 4; lastKnownFileType = sourcecode.c.h; path = TMapMarkerItem2.h; sourceTree = "<group>"; };
		00B525371888C32000E106B7 /* TMapObject.h */ = {isa = PBXFileReference; fileEncoding = 4; lastKnownFileType = sourcecode.c.h; path = TMapObject.h; sourceTree = "<group>"; };
		00B525381888C32000E106B7 /* TMapPathData.h */ = {isa = PBXFileReference; fileEncoding = 4; lastKnownFileType = sourcecode.c.h; path = TMapPathData.h; sourceTree = "<group>"; };
		00B525391888C32000E106B7 /* TMapPOIItem.h */ = {isa = PBXFileReference; fileEncoding = 4; lastKnownFileType = sourcecode.c.h; path = TMapPOIItem.h; sourceTree = "<group>"; };
		00B5253A1888C32000E106B7 /* TMapPoint.h */ = {isa = PBXFileReference; fileEncoding = 4; lastKnownFileType = sourcecode.c.h; path = TMapPoint.h; sourceTree = "<group>"; };
		00B5253B1888C32000E106B7 /* TMapPolygon.h */ = {isa = PBXFileReference; fileEncoding = 4; lastKnownFileType = sourcecode.c.h; path = TMapPolygon.h; sourceTree = "<group>"; };
		00B5253C1888C32000E106B7 /* TMapPolyLine.h */ = {isa = PBXFileReference; fileEncoding = 4; lastKnownFileType = sourcecode.c.h; path = TMapPolyLine.h; sourceTree = "<group>"; };
		00B5253D1888C32000E106B7 /* TMapTapi.h */ = {isa = PBXFileReference; fileEncoding = 4; lastKnownFileType = sourcecode.c.h; path = TMapTapi.h; sourceTree = "<group>"; };
		00B5253E1888C32000E106B7 /* TMapType.h */ = {isa = PBXFileReference; fileEncoding = 4; lastKnownFileType = sourcecode.c.h; path = TMapType.h; sourceTree = "<group>"; };
		00B5253F1888C32000E106B7 /* TMapView.h */ = {isa = PBXFileReference; fileEncoding = 4; lastKnownFileType = sourcecode.c.h; path = TMapView.h; sourceTree = "<group>"; };
		00B525411888C32000E106B7 /* desktop.ini */ = {isa = PBXFileReference; fileEncoding = 4; lastKnownFileType = text; path = desktop.ini; sourceTree = "<group>"; };
		00B525421888C32000E106B7 /* HeadingAngleSmall.png */ = {isa = PBXFileReference; lastKnownFileType = image.png; path = HeadingAngleSmall.png; sourceTree = "<group>"; };
		00B525431888C32000E106B7 /* HeadingAngleSmall@2x.png */ = {isa = PBXFileReference; lastKnownFileType = image.png; path = "HeadingAngleSmall@2x.png"; sourceTree = "<group>"; };
		00B525441888C32000E106B7 /* t_logo.png */ = {isa = PBXFileReference; lastKnownFileType = image.png; path = t_logo.png; sourceTree = "<group>"; };
		00B525451888C32000E106B7 /* icon_clustering@2x.png */ = {isa = PBXFileReference; lastKnownFileType = image.png; path = "icon_clustering@2x.png"; sourceTree = "<group>"; };
		00B525461888C32000E106B7 /* mapbg_tlogo.png */ = {isa = PBXFileReference; lastKnownFileType = image.png; path = mapbg_tlogo.png; sourceTree = "<group>"; };
		00B525471888C32000E106B7 /* mapbg_tlogo@2x.png */ = {isa = PBXFileReference; lastKnownFileType = image.png; path = "mapbg_tlogo@2x.png"; sourceTree = "<group>"; };
		00B525481888C32000E106B7 /* poweredby.png */ = {isa = PBXFileReference; lastKnownFileType = image.png; path = poweredby.png; sourceTree = "<group>"; };
		00B525491888C32000E106B7 /* poweredby@2x.png */ = {isa = PBXFileReference; lastKnownFileType = image.png; path = "poweredby@2x.png"; sourceTree = "<group>"; };
		00B5254A1888C32000E106B7 /* red_pin.png */ = {isa = PBXFileReference; lastKnownFileType = image.png; path = red_pin.png; sourceTree = "<group>"; };
		00B5254B1888C32000E106B7 /* TrackingDot@2x.png */ = {isa = PBXFileReference; lastKnownFileType = image.png; path = "TrackingDot@2x.png"; sourceTree = "<group>"; };
		00B5254C1888C32000E106B7 /* TrackingDotHalo.png */ = {isa = PBXFileReference; lastKnownFileType = image.png; path = TrackingDotHalo.png; sourceTree = "<group>"; };
		00B5254D1888C32000E106B7 /* TrackingDotHalo@2x.png */ = {isa = PBXFileReference; lastKnownFileType = image.png; path = "TrackingDotHalo@2x.png"; sourceTree = "<group>"; };
		00B5254E1888C32000E106B7 /* libskpMap_OP-iOS7.0.a */ = {isa = PBXFileReference; lastKnownFileType = archive.ar; path = "libskpMap_OP-iOS7.0.a"; sourceTree = "<group>"; };
		00B5255F1888C32F00E106B7 /* QuartzCore.framework */ = {isa = PBXFileReference; lastKnownFileType = wrapper.framework; name = QuartzCore.framework; path = System/Library/Frameworks/QuartzCore.framework; sourceTree = SDKROOT; };
		00B525611888C34300E106B7 /* CoreLocation.framework */ = {isa = PBXFileReference; lastKnownFileType = wrapper.framework; name = CoreLocation.framework; path = System/Library/Frameworks/CoreLocation.framework; sourceTree = SDKROOT; };
		00B525A41888E08C00E106B7 /* DetailViewController.h */ = {isa = PBXFileReference; fileEncoding = 4; lastKnownFileType = sourcecode.c.h; path = DetailViewController.h; sourceTree = "<group>"; };
		00B525A51888E08C00E106B7 /* DetailViewController.m */ = {isa = PBXFileReference; fileEncoding = 4; lastKnownFileType = sourcecode.c.objc; path = DetailViewController.m; sourceTree = "<group>"; };
/* End PBXFileReference section */

/* Begin PBXFrameworksBuildPhase section */
		00B524ED1888C2F200E106B7 /* Frameworks */ = {
			isa = PBXFrameworksBuildPhase;
			buildActionMask = 2147483647;
			files = (
				00B525621888C34300E106B7 /* CoreLocation.framework in Frameworks */,
				00B525601888C32F00E106B7 /* QuartzCore.framework in Frameworks */,
				00B524F61888C2F200E106B7 /* CoreGraphics.framework in Frameworks */,
				00B524F81888C2F200E106B7 /* UIKit.framework in Frameworks */,
				00B5255E1888C32000E106B7 /* libskpMap_OP-iOS7.0.a in Frameworks */,
				00B524F41888C2F200E106B7 /* Foundation.framework in Frameworks */,
			);
			runOnlyForDeploymentPostprocessing = 0;
		};
		00B5250E1888C2F200E106B7 /* Frameworks */ = {
			isa = PBXFrameworksBuildPhase;
			buildActionMask = 2147483647;
			files = (
				00B525131888C2F200E106B7 /* XCTest.framework in Frameworks */,
				00B525151888C2F200E106B7 /* UIKit.framework in Frameworks */,
				00B525141888C2F200E106B7 /* Foundation.framework in Frameworks */,
			);
			runOnlyForDeploymentPostprocessing = 0;
		};
/* End PBXFrameworksBuildPhase section */

/* Begin PBXGroup section */
		00B524E71888C2F200E106B7 = {
			isa = PBXGroup;
			children = (
				00B524F91888C2F200E106B7 /* TmapTest */,
				00B525181888C2F200E106B7 /* TmapTestTests */,
				00B524F21888C2F200E106B7 /* Frameworks */,
				00B524F11888C2F200E106B7 /* Products */,
			);
			sourceTree = "<group>";
		};
		00B524F11888C2F200E106B7 /* Products */ = {
			isa = PBXGroup;
			children = (
				00B524F01888C2F200E106B7 /* TmapTest.app */,
				00B525111888C2F200E106B7 /* TmapTestTests.xctest */,
			);
			name = Products;
			sourceTree = "<group>";
		};
		00B524F21888C2F200E106B7 /* Frameworks */ = {
			isa = PBXGroup;
			children = (
				00B525611888C34300E106B7 /* CoreLocation.framework */,
				00B5255F1888C32F00E106B7 /* QuartzCore.framework */,
				00B524F31888C2F200E106B7 /* Foundation.framework */,
				00B524F51888C2F200E106B7 /* CoreGraphics.framework */,
				00B524F71888C2F200E106B7 /* UIKit.framework */,
				00B525121888C2F200E106B7 /* XCTest.framework */,
			);
			name = Frameworks;
			sourceTree = "<group>";
		};
		00B524F91888C2F200E106B7 /* TmapTest */ = {
			isa = PBXGroup;
			children = (
				00B525281888C32000E106B7 /* lib */,
				00B525021888C2F200E106B7 /* AppDelegate.h */,
				00B525031888C2F200E106B7 /* AppDelegate.m */,
				00B525051888C2F200E106B7 /* Main.storyboard */,
				00B525081888C2F200E106B7 /* ViewController.h */,
				00B525091888C2F200E106B7 /* ViewController.m */,
				00B5250B1888C2F200E106B7 /* Images.xcassets */,
				00B524FA1888C2F200E106B7 /* Supporting Files */,
				00B525A41888E08C00E106B7 /* DetailViewController.h */,
				00B525A51888E08C00E106B7 /* DetailViewController.m */,
			);
			path = TmapTest;
			sourceTree = "<group>";
		};
		00B524FA1888C2F200E106B7 /* Supporting Files */ = {
			isa = PBXGroup;
			children = (
				00B524FB1888C2F200E106B7 /* TmapTest-Info.plist */,
				00B524FC1888C2F200E106B7 /* InfoPlist.strings */,
				00B524FF1888C2F200E106B7 /* main.m */,
				00B525011888C2F200E106B7 /* TmapTest-Prefix.pch */,
			);
			name = "Supporting Files";
			sourceTree = "<group>";
		};
		00B525181888C2F200E106B7 /* TmapTestTests */ = {
			isa = PBXGroup;
			children = (
				00B5251E1888C2F200E106B7 /* TmapTestTests.m */,
				00B525191888C2F200E106B7 /* Supporting Files */,
			);
			path = TmapTestTests;
			sourceTree = "<group>";
		};
		00B525191888C2F200E106B7 /* Supporting Files */ = {
			isa = PBXGroup;
			children = (
				00B5251A1888C2F200E106B7 /* TmapTestTests-Info.plist */,
				00B5251B1888C2F200E106B7 /* InfoPlist.strings */,
			);
			name = "Supporting Files";
			sourceTree = "<group>";
		};
		00B525281888C32000E106B7 /* lib */ = {
			isa = PBXGroup;
			children = (
				00B525291888C32000E106B7 /* desktop.ini */,
				00B5252A1888C32000E106B7 /* Headers */,
				00B525401888C32000E106B7 /* Images */,
				00B5254E1888C32000E106B7 /* libskpMap_OP-iOS7.0.a */,
			);
			path = lib;
			sourceTree = "<group>";
		};
		00B5252A1888C32000E106B7 /* Headers */ = {
			isa = PBXGroup;
			children = (
				00B5252B1888C32000E106B7 /* BizCategory.h */,
				00B5252C1888C32000E106B7 /* desktop.ini */,
				00B5252D1888C32000E106B7 /* TMap.h */,
				00B5252E1888C32000E106B7 /* TMapAnnotation.h */,
				00B5252F1888C32000E106B7 /* TMapBaseView.h */,
				00B525301888C32000E106B7 /* TMapCircle.h */,
				00B525311888C32000E106B7 /* TMapGpsManager.h */,
				00B525321888C32000E106B7 /* TMapKatec.h */,
				00B525331888C32000E106B7 /* TMapLayer.h */,
				00B525341888C32000E106B7 /* TMapMarker.h */,
				00B525351888C32000E106B7 /* TMapMarkerItem.h */,
				00B525361888C32000E106B7 /* TMapMarkerItem2.h */,
				00B525371888C32000E106B7 /* TMapObject.h */,
				00B525381888C32000E106B7 /* TMapPathData.h */,
				00B525391888C32000E106B7 /* TMapPOIItem.h */,
				00B5253A1888C32000E106B7 /* TMapPoint.h */,
				00B5253B1888C32000E106B7 /* TMapPolygon.h */,
				00B5253C1888C32000E106B7 /* TMapPolyLine.h */,
				00B5253D1888C32000E106B7 /* TMapTapi.h */,
				00B5253E1888C32000E106B7 /* TMapType.h */,
				00B5253F1888C32000E106B7 /* TMapView.h */,
			);
			path = Headers;
			sourceTree = "<group>";
		};
		00B525401888C32000E106B7 /* Images */ = {
			isa = PBXGroup;
			children = (
				00B525411888C32000E106B7 /* desktop.ini */,
				00B525421888C32000E106B7 /* HeadingAngleSmall.png */,
				00B525431888C32000E106B7 /* HeadingAngleSmall@2x.png */,
				00B525441888C32000E106B7 /* t_logo.png */,
				00B525451888C32000E106B7 /* icon_clustering@2x.png */,
				00B525461888C32000E106B7 /* mapbg_tlogo.png */,
				00B525471888C32000E106B7 /* mapbg_tlogo@2x.png */,
				00B525481888C32000E106B7 /* poweredby.png */,
				00B525491888C32000E106B7 /* poweredby@2x.png */,
				00B5254A1888C32000E106B7 /* red_pin.png */,
				00B5254B1888C32000E106B7 /* TrackingDot@2x.png */,
				00B5254C1888C32000E106B7 /* TrackingDotHalo.png */,
				00B5254D1888C32000E106B7 /* TrackingDotHalo@2x.png */,
			);
			path = Images;
			sourceTree = "<group>";
		};
/* End PBXGroup section */

/* Begin PBXNativeTarget section */
		00B524EF1888C2F200E106B7 /* TmapTest */ = {
			isa = PBXNativeTarget;
			buildConfigurationList = 00B525221888C2F200E106B7 /* Build configuration list for PBXNativeTarget "TmapTest" */;
			buildPhases = (
				00B524EC1888C2F200E106B7 /* Sources */,
				00B524ED1888C2F200E106B7 /* Frameworks */,
				00B524EE1888C2F200E106B7 /* Resources */,
			);
			buildRules = (
			);
			dependencies = (
			);
			name = TmapTest;
			productName = TmapTest;
			productReference = 00B524F01888C2F200E106B7 /* TmapTest.app */;
			productType = "com.apple.product-type.application";
		};
		00B525101888C2F200E106B7 /* TmapTestTests */ = {
			isa = PBXNativeTarget;
			buildConfigurationList = 00B525251888C2F200E106B7 /* Build configuration list for PBXNativeTarget "TmapTestTests" */;
			buildPhases = (
				00B5250D1888C2F200E106B7 /* Sources */,
				00B5250E1888C2F200E106B7 /* Frameworks */,
				00B5250F1888C2F200E106B7 /* Resources */,
			);
			buildRules = (
			);
			dependencies = (
				00B525171888C2F200E106B7 /* PBXTargetDependency */,
			);
			name = TmapTestTests;
			productName = TmapTestTests;
			productReference = 00B525111888C2F200E106B7 /* TmapTestTests.xctest */;
			productType = "com.apple.product-type.bundle.unit-test";
		};
/* End PBXNativeTarget section */

/* Begin PBXProject section */
		00B524E81888C2F200E106B7 /* Project object */ = {
			isa = PBXProject;
			attributes = {
				LastUpgradeCheck = 0500;
				ORGANIZATIONNAME = "SDT-1";
				TargetAttributes = {
					00B525101888C2F200E106B7 = {
						TestTargetID = 00B524EF1888C2F200E106B7;
					};
				};
			};
			buildConfigurationList = 00B524EB1888C2F200E106B7 /* Build configuration list for PBXProject "TmapTest" */;
			compatibilityVersion = "Xcode 3.2";
			developmentRegion = English;
			hasScannedForEncodings = 0;
			knownRegions = (
				en,
				Base,
			);
			mainGroup = 00B524E71888C2F200E106B7;
			productRefGroup = 00B524F11888C2F200E106B7 /* Products */;
			projectDirPath = "";
			projectRoot = "";
			targets = (
				00B524EF1888C2F200E106B7 /* TmapTest */,
				00B525101888C2F200E106B7 /* TmapTestTests */,
			);
		};
/* End PBXProject section */

/* Begin PBXResourcesBuildPhase section */
		00B524EE1888C2F200E106B7 /* Resources */ = {
			isa = PBXResourcesBuildPhase;
			buildActionMask = 2147483647;
			files = (
				00B525541888C32000E106B7 /* t_logo.png in Resources */,
				00B5255D1888C32000E106B7 /* TrackingDotHalo@2x.png in Resources */,
				00B525501888C32000E106B7 /* desktop.ini in Resources */,
				00B5255C1888C32000E106B7 /* TrackingDotHalo.png in Resources */,
				00B525511888C32000E106B7 /* desktop.ini in Resources */,
				00B525521888C32000E106B7 /* HeadingAngleSmall.png in Resources */,
				00B5250C1888C2F200E106B7 /* Images.xcassets in Resources */,
				00B525551888C32000E106B7 /* icon_clustering@2x.png in Resources */,
				00B525571888C32000E106B7 /* mapbg_tlogo@2x.png in Resources */,
				00B524FE1888C2F200E106B7 /* InfoPlist.strings in Resources */,
				00B525561888C32000E106B7 /* mapbg_tlogo.png in Resources */,
				00B5255B1888C32000E106B7 /* TrackingDot@2x.png in Resources */,
				00B5255A1888C32000E106B7 /* red_pin.png in Resources */,
				00B525531888C32000E106B7 /* HeadingAngleSmall@2x.png in Resources */,
				00B525591888C32000E106B7 /* poweredby@2x.png in Resources */,
				00B525581888C32000E106B7 /* poweredby.png in Resources */,
				00B525071888C2F200E106B7 /* Main.storyboard in Resources */,
				00B5254F1888C32000E106B7 /* desktop.ini in Resources */,
			);
			runOnlyForDeploymentPostprocessing = 0;
		};
		00B5250F1888C2F200E106B7 /* Resources */ = {
			isa = PBXResourcesBuildPhase;
			buildActionMask = 2147483647;
			files = (
				00B5251D1888C2F200E106B7 /* InfoPlist.strings in Resources */,
			);
			runOnlyForDeploymentPostprocessing = 0;
		};
/* End PBXResourcesBuildPhase section */

/* Begin PBXSourcesBuildPhase section */
		00B524EC1888C2F200E106B7 /* Sources */ = {
			isa = PBXSourcesBuildPhase;
			buildActionMask = 2147483647;
			files = (
				00B5250A1888C2F200E106B7 /* ViewController.m in Sources */,
				00B525041888C2F200E106B7 /* AppDelegate.m in Sources */,
				00B525001888C2F200E106B7 /* main.m in Sources */,
				00B525A61888E08C00E106B7 /* DetailViewController.m in Sources */,
			);
			runOnlyForDeploymentPostprocessing = 0;
		};
		00B5250D1888C2F200E106B7 /* Sources */ = {
			isa = PBXSourcesBuildPhase;
			buildActionMask = 2147483647;
			files = (
				00B5251F1888C2F200E106B7 /* TmapTestTests.m in Sources */,
			);
			runOnlyForDeploymentPostprocessing = 0;
		};
/* End PBXSourcesBuildPhase section */

/* Begin PBXTargetDependency section */
		00B525171888C2F200E106B7 /* PBXTargetDependency */ = {
			isa = PBXTargetDependency;
			target = 00B524EF1888C2F200E106B7 /* TmapTest */;
			targetProxy = 00B525161888C2F200E106B7 /* PBXContainerItemProxy */;
		};
/* End PBXTargetDependency section */

/* Begin PBXVariantGroup section */
		00B524FC1888C2F200E106B7 /* InfoPlist.strings */ = {
			isa = PBXVariantGroup;
			children = (
				00B524FD1888C2F200E106B7 /* en */,
			);
			name = InfoPlist.strings;
			sourceTree = "<group>";
		};
		00B525051888C2F200E106B7 /* Main.storyboard */ = {
			isa = PBXVariantGroup;
			children = (
				00B525061888C2F200E106B7 /* Base */,
			);
			name = Main.storyboard;
			sourceTree = "<group>";
		};
		00B5251B1888C2F200E106B7 /* InfoPlist.strings */ = {
			isa = PBXVariantGroup;
			children = (
				00B5251C1888C2F200E106B7 /* en */,
			);
			name = InfoPlist.strings;
			sourceTree = "<group>";
		};
/* End PBXVariantGroup section */

/* Begin XCBuildConfiguration section */
		00B525201888C2F200E106B7 /* Debug */ = {
			isa = XCBuildConfiguration;
			buildSettings = {
				ALWAYS_SEARCH_USER_PATHS = NO;
				ARCHS = "$(ARCHS_STANDARD_INCLUDING_64_BIT)";
				CLANG_CXX_LANGUAGE_STANDARD = "gnu++0x";
				CLANG_CXX_LIBRARY = "libc++";
				CLANG_ENABLE_MODULES = YES;
				CLANG_ENABLE_OBJC_ARC = YES;
				CLANG_WARN_BOOL_CONVERSION = YES;
				CLANG_WARN_CONSTANT_CONVERSION = YES;
				CLANG_WARN_DIRECT_OBJC_ISA_USAGE = YES_ERROR;
				CLANG_WARN_EMPTY_BODY = YES;
				CLANG_WARN_ENUM_CONVERSION = YES;
				CLANG_WARN_INT_CONVERSION = YES;
				CLANG_WARN_OBJC_ROOT_CLASS = YES_ERROR;
				CLANG_WARN__DUPLICATE_METHOD_MATCH = YES;
				"CODE_SIGN_IDENTITY[sdk=iphoneos*]" = "iPhone Developer";
				COPY_PHASE_STRIP = NO;
				GCC_C_LANGUAGE_STANDARD = gnu99;
				GCC_DYNAMIC_NO_PIC = NO;
				GCC_OPTIMIZATION_LEVEL = 0;
				GCC_PREPROCESSOR_DEFINITIONS = (
					"DEBUG=1",
					"$(inherited)",
				);
				GCC_SYMBOLS_PRIVATE_EXTERN = NO;
				GCC_WARN_64_TO_32_BIT_CONVERSION = YES;
				GCC_WARN_ABOUT_RETURN_TYPE = YES_ERROR;
				GCC_WARN_UNDECLARED_SELECTOR = YES;
				GCC_WARN_UNINITIALIZED_AUTOS = YES;
				GCC_WARN_UNUSED_FUNCTION = YES;
				GCC_WARN_UNUSED_VARIABLE = YES;
				IPHONEOS_DEPLOYMENT_TARGET = 7.0;
				ONLY_ACTIVE_ARCH = YES;
				SDKROOT = iphoneos;
			};
			name = Debug;
		};
		00B525211888C2F200E106B7 /* Release */ = {
			isa = XCBuildConfiguration;
			buildSettings = {
				ALWAYS_SEARCH_USER_PATHS = NO;
				ARCHS = "$(ARCHS_STANDARD_INCLUDING_64_BIT)";
				CLANG_CXX_LANGUAGE_STANDARD = "gnu++0x";
				CLANG_CXX_LIBRARY = "libc++";
				CLANG_ENABLE_MODULES = YES;
				CLANG_ENABLE_OBJC_ARC = YES;
				CLANG_WARN_BOOL_CONVERSION = YES;
				CLANG_WARN_CONSTANT_CONVERSION = YES;
				CLANG_WARN_DIRECT_OBJC_ISA_USAGE = YES_ERROR;
				CLANG_WARN_EMPTY_BODY = YES;
				CLANG_WARN_ENUM_CONVERSION = YES;
				CLANG_WARN_INT_CONVERSION = YES;
				CLANG_WARN_OBJC_ROOT_CLASS = YES_ERROR;
				CLANG_WARN__DUPLICATE_METHOD_MATCH = YES;
				"CODE_SIGN_IDENTITY[sdk=iphoneos*]" = "iPhone Developer";
				COPY_PHASE_STRIP = YES;
				ENABLE_NS_ASSERTIONS = NO;
				GCC_C_LANGUAGE_STANDARD = gnu99;
				GCC_WARN_64_TO_32_BIT_CONVERSION = YES;
				GCC_WARN_ABOUT_RETURN_TYPE = YES_ERROR;
				GCC_WARN_UNDECLARED_SELECTOR = YES;
				GCC_WARN_UNINITIALIZED_AUTOS = YES;
				GCC_WARN_UNUSED_FUNCTION = YES;
				GCC_WARN_UNUSED_VARIABLE = YES;
				IPHONEOS_DEPLOYMENT_TARGET = 7.0;
				SDKROOT = iphoneos;
				VALIDATE_PRODUCT = YES;
			};
			name = Release;
		};
		00B525231888C2F200E106B7 /* Debug */ = {
			isa = XCBuildConfiguration;
			buildSettings = {
				ASSETCATALOG_COMPILER_APPICON_NAME = AppIcon;
				ASSETCATALOG_COMPILER_LAUNCHIMAGE_NAME = LaunchImage;
				GCC_PRECOMPILE_PREFIX_HEADER = YES;
				GCC_PREFIX_HEADER = "TmapTest/TmapTest-Prefix.pch";
				INFOPLIST_FILE = "TmapTest/TmapTest-Info.plist";
				LIBRARY_SEARCH_PATHS = (
					"$(inherited)",
					"/Users/sdt-1/Desktop/무제\\ 폴더\\ 2/Project2/TmapTest/TmapTest/lib",
				);
				OTHER_LDFLAGS = "-ObjC_all_load";
				PRODUCT_NAME = "$(TARGET_NAME)";
				WRAPPER_EXTENSION = app;
			};
			name = Debug;
		};
		00B525241888C2F200E106B7 /* Release */ = {
			isa = XCBuildConfiguration;
			buildSettings = {
				ASSETCATALOG_COMPILER_APPICON_NAME = AppIcon;
				ASSETCATALOG_COMPILER_LAUNCHIMAGE_NAME = LaunchImage;
				GCC_PRECOMPILE_PREFIX_HEADER = YES;
				GCC_PREFIX_HEADER = "TmapTest/TmapTest-Prefix.pch";
				INFOPLIST_FILE = "TmapTest/TmapTest-Info.plist";
				LIBRARY_SEARCH_PATHS = (
					"$(inherited)",
					"/Users/sdt-1/Desktop/무제\\ 폴더\\ 2/Project2/TmapTest/TmapTest/lib",
				);
				OTHER_LDFLAGS = "-ObjC_all_load";
				PRODUCT_NAME = "$(TARGET_NAME)";
				WRAPPER_EXTENSION = app;
			};
			name = Release;
		};
		00B525261888C2F200E106B7 /* Debug */ = {
			isa = XCBuildConfiguration;
			buildSettings = {
				ARCHS = "$(ARCHS_STANDARD_INCLUDING_64_BIT)";
				BUNDLE_LOADER = "$(BUILT_PRODUCTS_DIR)/TmapTest.app/TmapTest";
				FRAMEWORK_SEARCH_PATHS = (
					"$(SDKROOT)/Developer/Library/Frameworks",
					"$(inherited)",
					"$(DEVELOPER_FRAMEWORKS_DIR)",
				);
				GCC_PRECOMPILE_PREFIX_HEADER = YES;
				GCC_PREFIX_HEADER = "TmapTest/TmapTest-Prefix.pch";
				GCC_PREPROCESSOR_DEFINITIONS = (
					"DEBUG=1",
					"$(inherited)",
				);
				INFOPLIST_FILE = "TmapTestTests/TmapTestTests-Info.plist";
				PRODUCT_NAME = "$(TARGET_NAME)";
				TEST_HOST = "$(BUNDLE_LOADER)";
				WRAPPER_EXTENSION = xctest;
			};
			name = Debug;
		};
		00B525271888C2F200E106B7 /* Release */ = {
			isa = XCBuildConfiguration;
			buildSettings = {
				ARCHS = "$(ARCHS_STANDARD_INCLUDING_64_BIT)";
				BUNDLE_LOADER = "$(BUILT_PRODUCTS_DIR)/TmapTest.app/TmapTest";
				FRAMEWORK_SEARCH_PATHS = (
					"$(SDKROOT)/Developer/Library/Frameworks",
					"$(inherited)",
					"$(DEVELOPER_FRAMEWORKS_DIR)",
				);
				GCC_PRECOMPILE_PREFIX_HEADER = YES;
				GCC_PREFIX_HEADER = "TmapTest/TmapTest-Prefix.pch";
				INFOPLIST_FILE = "TmapTestTests/TmapTestTests-Info.plist";
				PRODUCT_NAME = "$(TARGET_NAME)";
				TEST_HOST = "$(BUNDLE_LOADER)";
				WRAPPER_EXTENSION = xctest;
			};
			name = Release;
		};
/* End XCBuildConfiguration section */

/* Begin XCConfigurationList section */
		00B524EB1888C2F200E106B7 /* Build configuration list for PBXProject "TmapTest" */ = {
			isa = XCConfigurationList;
			buildConfigurations = (
				00B525201888C2F200E106B7 /* Debug */,
				00B525211888C2F200E106B7 /* Release */,
			);
			defaultConfigurationIsVisible = 0;
			defaultConfigurationName = Release;
		};
		00B525221888C2F200E106B7 /* Build configuration list for PBXNativeTarget "TmapTest" */ = {
			isa = XCConfigurationList;
			buildConfigurations = (
				00B525231888C2F200E106B7 /* Debug */,
				00B525241888C2F200E106B7 /* Release */,
			);
			defaultConfigurationIsVisible = 0;
		};
		00B525251888C2F200E106B7 /* Build configuration list for PBXNativeTarget "TmapTestTests" */ = {
			isa = XCConfigurationList;
			buildConfigurations = (
				00B525261888C2F200E106B7 /* Debug */,
				00B525271888C2F200E106B7 /* Release */,
			);
			defaultConfigurationIsVisible = 0;
		};
/* End XCConfigurationList section */
	};
	rootObject = 00B524E81888C2F200E106B7 /* Project object */;
}
